// !$*UTF8*$!
{
	archiveVersion = 1;
	classes = {
	};
	objectVersion = 51;
	objects = {

/* Begin PBXBuildFile section */
		28AC33E42367342F003F3D4D /* AppDelegate.swift in Sources */ = {isa = PBXBuildFile; fileRef = 28AC33E32367342F003F3D4D /* AppDelegate.swift */; };
		28AC33E62367342F003F3D4D /* SceneDelegate.swift in Sources */ = {isa = PBXBuildFile; fileRef = 28AC33E52367342F003F3D4D /* SceneDelegate.swift */; };
		28AC33E82367342F003F3D4D /* ViewController.swift in Sources */ = {isa = PBXBuildFile; fileRef = 28AC33E72367342F003F3D4D /* ViewController.swift */; };
		28AC33EB2367342F003F3D4D /* Main.storyboard in Resources */ = {isa = PBXBuildFile; fileRef = 28AC33E92367342F003F3D4D /* Main.storyboard */; };
		28AC33EE2367342F003F3D4D /* Pop.xcdatamodeld in Sources */ = {isa = PBXBuildFile; fileRef = 28AC33EC2367342F003F3D4D /* Pop.xcdatamodeld */; };
		28AC33F023673433003F3D4D /* Assets.xcassets in Resources */ = {isa = PBXBuildFile; fileRef = 28AC33EF23673433003F3D4D /* Assets.xcassets */; };
		28AC33F323673433003F3D4D /* LaunchScreen.storyboard in Resources */ = {isa = PBXBuildFile; fileRef = 28AC33F123673433003F3D4D /* LaunchScreen.storyboard */; };
		28AC33FC23676F6A003F3D4D /* AlbumDetailViewController.swift in Sources */ = {isa = PBXBuildFile; fileRef = 28AC33FB23676F6A003F3D4D /* AlbumDetailViewController.swift */; };
/* End PBXBuildFile section */

/* Begin PBXFileReference section */
		28AC33E02367342F003F3D4D /* Pop.app */ = {isa = PBXFileReference; explicitFileType = wrapper.application; includeInIndex = 0; path = Pop.app; sourceTree = BUILT_PRODUCTS_DIR; };
		28AC33E32367342F003F3D4D /* AppDelegate.swift */ = {isa = PBXFileReference; lastKnownFileType = sourcecode.swift; path = AppDelegate.swift; sourceTree = "<group>"; };
		28AC33E52367342F003F3D4D /* SceneDelegate.swift */ = {isa = PBXFileReference; lastKnownFileType = sourcecode.swift; path = SceneDelegate.swift; sourceTree = "<group>"; };
		28AC33E72367342F003F3D4D /* ViewController.swift */ = {isa = PBXFileReference; lastKnownFileType = sourcecode.swift; path = ViewController.swift; sourceTree = "<group>"; };
		28AC33EA2367342F003F3D4D /* Base */ = {isa = PBXFileReference; lastKnownFileType = file.storyboard; name = Base; path = Base.lproj/Main.storyboard; sourceTree = "<group>"; };
		28AC33ED2367342F003F3D4D /* Pop.xcdatamodel */ = {isa = PBXFileReference; lastKnownFileType = wrapper.xcdatamodel; path = Pop.xcdatamodel; sourceTree = "<group>"; };
		28AC33EF23673433003F3D4D /* Assets.xcassets */ = {isa = PBXFileReference; lastKnownFileType = folder.assetcatalog; path = Assets.xcassets; sourceTree = "<group>"; };
		28AC33F223673433003F3D4D /* Base */ = {isa = PBXFileReference; lastKnownFileType = file.storyboard; name = Base; path = Base.lproj/LaunchScreen.storyboard; sourceTree = "<group>"; };
		28AC33F423673433003F3D4D /* Info.plist */ = {isa = PBXFileReference; lastKnownFileType = text.plist.xml; path = Info.plist; sourceTree = "<group>"; };
		28AC33FB23676F6A003F3D4D /* AlbumDetailViewController.swift */ = {isa = PBXFileReference; lastKnownFileType = sourcecode.swift; path = AlbumDetailViewController.swift; sourceTree = "<group>"; };
/* End PBXFileReference section */

/* Begin PBXFrameworksBuildPhase section */
		28AC33DD2367342F003F3D4D /* Frameworks */ = {
			isa = PBXFrameworksBuildPhase;
			buildActionMask = 2147483647;
			files = (
			);
			runOnlyForDeploymentPostprocessing = 0;
		};
/* End PBXFrameworksBuildPhase section */

/* Begin PBXGroup section */
		28AC33D72367342F003F3D4D = {
			isa = PBXGroup;
			children = (
				28AC33E22367342F003F3D4D /* Pop */,
				28AC33E12367342F003F3D4D /* Products */,
			);
			sourceTree = "<group>";
		};
		28AC33E12367342F003F3D4D /* Products */ = {
			isa = PBXGroup;
			children = (
				28AC33E02367342F003F3D4D /* Pop.app */,
			);
			name = Products;
			sourceTree = "<group>";
		};
		28AC33E22367342F003F3D4D /* Pop */ = {
			isa = PBXGroup;
			children = (
				28AC33E32367342F003F3D4D /* AppDelegate.swift */,
				28AC33E52367342F003F3D4D /* SceneDelegate.swift */,
				28AC33FA23676F54003F3D4D /* View Controllers */,
				28AC33E72367342F003F3D4D /* ViewController.swift */,
				28AC33E92367342F003F3D4D /* Main.storyboard */,
				28AC33EF23673433003F3D4D /* Assets.xcassets */,
				28AC33F123673433003F3D4D /* LaunchScreen.storyboard */,
				28AC33F423673433003F3D4D /* Info.plist */,
				28AC33EC2367342F003F3D4D /* Pop.xcdatamodeld */,
			);
			path = Pop;
			sourceTree = "<group>";
		};
		28AC33FA23676F54003F3D4D /* View Controllers */ = {
			isa = PBXGroup;
			children = (
				28AC33FB23676F6A003F3D4D /* AlbumDetailViewController.swift */,
			);
			path = "View Controllers";
			sourceTree = "<group>";
		};
/* End PBXGroup section */

/* Begin PBXNativeTarget section */
		28AC33DF2367342F003F3D4D /* Pop */ = {
			isa = PBXNativeTarget;
			buildConfigurationList = 28AC33F723673433003F3D4D /* Build configuration list for PBXNativeTarget "Pop" */;
			buildPhases = (
				28AC33DC2367342F003F3D4D /* Sources */,
				28AC33DD2367342F003F3D4D /* Frameworks */,
				28AC33DE2367342F003F3D4D /* Resources */,
			);
			buildRules = (
			);
			dependencies = (
			);
			name = Pop;
			productName = Pop;
			productReference = 28AC33E02367342F003F3D4D /* Pop.app */;
			productType = "com.apple.product-type.application";
		};
/* End PBXNativeTarget section */

/* Begin PBXProject section */
		28AC33D82367342F003F3D4D /* Project object */ = {
			isa = PBXProject;
			attributes = {
				LastSwiftUpdateCheck = 1110;
				LastUpgradeCheck = 1110;
				ORGANIZATIONNAME = "Markus Jahnsrud";
				TargetAttributes = {
					28AC33DF2367342F003F3D4D = {
						CreatedOnToolsVersion = 11.1;
					};
				};
			};
			buildConfigurationList = 28AC33DB2367342F003F3D4D /* Build configuration list for PBXProject "Pop" */;
			compatibilityVersion = "Xcode 10.0";
			developmentRegion = en;
			hasScannedForEncodings = 0;
			knownRegions = (
				en,
				Base,
			);
			mainGroup = 28AC33D72367342F003F3D4D;
			productRefGroup = 28AC33E12367342F003F3D4D /* Products */;
			projectDirPath = "";
			projectRoot = "";
			targets = (
				28AC33DF2367342F003F3D4D /* Pop */,
			);
		};
/* End PBXProject section */

/* Begin PBXResourcesBuildPhase section */
		28AC33DE2367342F003F3D4D /* Resources */ = {
			isa = PBXResourcesBuildPhase;
			buildActionMask = 2147483647;
			files = (
				28AC33F323673433003F3D4D /* LaunchScreen.storyboard in Resources */,
				28AC33F023673433003F3D4D /* Assets.xcassets in Resources */,
				28AC33EB2367342F003F3D4D /* Main.storyboard in Resources */,
			);
			runOnlyForDeploymentPostprocessing = 0;
		};
/* End PBXResourcesBuildPhase section */

/* Begin PBXSourcesBuildPhase section */
		28AC33DC2367342F003F3D4D /* Sources */ = {
			isa = PBXSourcesBuildPhase;
			buildActionMask = 2147483647;
			files = (
				28AC33E82367342F003F3D4D /* ViewController.swift in Sources */,
				28AC33E42367342F003F3D4D /* AppDelegate.swift in Sources */,
				28AC33FC23676F6A003F3D4D /* AlbumDetailViewController.swift in Sources */,
				28AC33E62367342F003F3D4D /* SceneDelegate.swift in Sources */,
				28AC33EE2367342F003F3D4D /* Pop.xcdatamodeld in Sources */,
			);
			runOnlyForDeploymentPostprocessing = 0;
		};
/* End PBXSourcesBuildPhase section */

/* Begin PBXVariantGroup section */
		28AC33E92367342F003F3D4D /* Main.storyboard */ = {
			isa = PBXVariantGroup;
			children = (
				28AC33EA2367342F003F3D4D /* Base */,
			);
			name = Main.storyboard;
			sourceTree = "<group>";
		};
		28AC33F123673433003F3D4D /* LaunchScreen.storyboard */ = {
			isa = PBXVariantGroup;
			children = (
				28AC33F223673433003F3D4D /* Base */,
			);
			name = LaunchScreen.storyboard;
			sourceTree = "<group>";
		};
/* End PBXVariantGroup section */

/* Begin XCBuildConfiguration section */
		28AC33F523673433003F3D4D /* Debug */ = {
			isa = XCBuildConfiguration;
			buildSettings = {
				ALWAYS_SEARCH_USER_PATHS = NO;
				CLANG_ANALYZER_NONNULL = YES;
				CLANG_ANALYZER_NUMBER_OBJECT_CONVERSION = YES_AGGRESSIVE;
				CLANG_CXX_LANGUAGE_STANDARD = "gnu++14";
				CLANG_CXX_LIBRARY = "libc++";
				CLANG_ENABLE_MODULES = YES;
				CLANG_ENABLE_OBJC_ARC = YES;
				CLANG_ENABLE_OBJC_WEAK = YES;
				CLANG_WARN_BLOCK_CAPTURE_AUTORELEASING = YES;
				CLANG_WARN_BOOL_CONVERSION = YES;
				CLANG_WARN_COMMA = YES;
				CLANG_WARN_CONSTANT_CONVERSION = YES;
				CLANG_WARN_DEPRECATED_OBJC_IMPLEMENTATIONS = YES;
				CLANG_WARN_DIRECT_OBJC_ISA_USAGE = YES_ERROR;
				CLANG_WARN_DOCUMENTATION_COMMENTS = YES;
				CLANG_WARN_EMPTY_BODY = YES;
				CLANG_WARN_ENUM_CONVERSION = YES;
				CLANG_WARN_INFINITE_RECURSION = YES;
				CLANG_WARN_INT_CONVERSION = YES;
				CLANG_WARN_NON_LITERAL_NULL_CONVERSION = YES;
				CLANG_WARN_OBJC_IMPLICIT_RETAIN_SELF = YES;
				CLANG_WARN_OBJC_LITERAL_CONVERSION = YES;
				CLANG_WARN_OBJC_ROOT_CLASS = YES_ERROR;
				CLANG_WARN_RANGE_LOOP_ANALYSIS = YES;
				CLANG_WARN_STRICT_PROTOTYPES = YES;
				CLANG_WARN_SUSPICIOUS_MOVE = YES;
				CLANG_WARN_UNGUARDED_AVAILABILITY = YES_AGGRESSIVE;
				CLANG_WARN_UNREACHABLE_CODE = YES;
				CLANG_WARN__DUPLICATE_METHOD_MATCH = YES;
				COPY_PHASE_STRIP = NO;
				DEBUG_INFORMATION_FORMAT = dwarf;
				ENABLE_STRICT_OBJC_MSGSEND = YES;
				ENABLE_TESTABILITY = YES;
				GCC_C_LANGUAGE_STANDARD = gnu11;
				GCC_DYNAMIC_NO_PIC = NO;
				GCC_NO_COMMON_BLOCKS = YES;
				GCC_OPTIMIZATION_LEVEL = 0;
				GCC_PREPROCESSOR_DEFINITIONS = (
					"DEBUG=1",
					"$(inherited)",
				);
				GCC_WARN_64_TO_32_BIT_CONVERSION = YES;
				GCC_WARN_ABOUT_RETURN_TYPE = YES_ERROR;
				GCC_WARN_UNDECLARED_SELECTOR = YES;
				GCC_WARN_UNINITIALIZED_AUTOS = YES_AGGRESSIVE;
				GCC_WARN_UNUSED_FUNCTION = YES;
				GCC_WARN_UNUSED_VARIABLE = YES;
				IPHONEOS_DEPLOYMENT_TARGET = 13.1;
				MTL_ENABLE_DEBUG_INFO = INCLUDE_SOURCE;
				MTL_FAST_MATH = YES;
				ONLY_ACTIVE_ARCH = YES;
				SDKROOT = iphoneos;
				SWIFT_ACTIVE_COMPILATION_CONDITIONS = DEBUG;
				SWIFT_OPTIMIZATION_LEVEL = "-Onone";
			};
			name = Debug;
		};
		28AC33F623673433003F3D4D /* Release */ = {
			isa = XCBuildConfiguration;
			buildSettings = {
				ALWAYS_SEARCH_USER_PATHS = NO;
				CLANG_ANALYZER_NONNULL = YES;
				CLANG_ANALYZER_NUMBER_OBJECT_CONVERSION = YES_AGGRESSIVE;
				CLANG_CXX_LANGUAGE_STANDARD = "gnu++14";
				CLANG_CXX_LIBRARY = "libc++";
				CLANG_ENABLE_MODULES = YES;
				CLANG_ENABLE_OBJC_ARC = YES;
				CLANG_ENABLE_OBJC_WEAK = YES;
				CLANG_WARN_BLOCK_CAPTURE_AUTORELEASING = YES;
				CLANG_WARN_BOOL_CONVERSION = YES;
				CLANG_WARN_COMMA = YES;
				CLANG_WARN_CONSTANT_CONVERSION = YES;
				CLANG_WARN_DEPRECATED_OBJC_IMPLEMENTATIONS = YES;
				CLANG_WARN_DIRECT_OBJC_ISA_USAGE = YES_ERROR;
				CLANG_WARN_DOCUMENTATION_COMMENTS = YES;
				CLANG_WARN_EMPTY_BODY = YES;
				CLANG_WARN_ENUM_CONVERSION = YES;
				CLANG_WARN_INFINITE_RECURSION = YES;
				CLANG_WARN_INT_CONVERSION = YES;
				CLANG_WARN_NON_LITERAL_NULL_CONVERSION = YES;
				CLANG_WARN_OBJC_IMPLICIT_RETAIN_SELF = YES;
				CLANG_WARN_OBJC_LITERAL_CONVERSION = YES;
				CLANG_WARN_OBJC_ROOT_CLASS = YES_ERROR;
				CLANG_WARN_RANGE_LOOP_ANALYSIS = YES;
				CLANG_WARN_STRICT_PROTOTYPES = YES;
				CLANG_WARN_SUSPICIOUS_MOVE = YES;
				CLANG_WARN_UNGUARDED_AVAILABILITY = YES_AGGRESSIVE;
				CLANG_WARN_UNREACHABLE_CODE = YES;
				CLANG_WARN__DUPLICATE_METHOD_MATCH = YES;
				COPY_PHASE_STRIP = NO;
				DEBUG_INFORMATION_FORMAT = "dwarf-with-dsym";
				ENABLE_NS_ASSERTIONS = NO;
				ENABLE_STRICT_OBJC_MSGSEND = YES;
				GCC_C_LANGUAGE_STANDARD = gnu11;
				GCC_NO_COMMON_BLOCKS = YES;
				GCC_WARN_64_TO_32_BIT_CONVERSION = YES;
				GCC_WARN_ABOUT_RETURN_TYPE = YES_ERROR;
				GCC_WARN_UNDECLARED_SELECTOR = YES;
				GCC_WARN_UNINITIALIZED_AUTOS = YES_AGGRESSIVE;
				GCC_WARN_UNUSED_FUNCTION = YES;
				GCC_WARN_UNUSED_VARIABLE = YES;
				IPHONEOS_DEPLOYMENT_TARGET = 13.1;
				MTL_ENABLE_DEBUG_INFO = NO;
				MTL_FAST_MATH = YES;
				SDKROOT = iphoneos;
				SWIFT_COMPILATION_MODE = wholemodule;
				SWIFT_OPTIMIZATION_LEVEL = "-O";
				VALIDATE_PRODUCT = YES;
			};
			name = Release;
		};
		28AC33F823673433003F3D4D /* Debug */ = {
			isa = XCBuildConfiguration;
			buildSettings = {
				ASSETCATALOG_COMPILER_APPICON_NAME = AppIcon;
				CODE_SIGN_STYLE = Automatic;
				DEVELOPMENT_TEAM = 2GZE7657Q4;
				INFOPLIST_FILE = Pop/Info.plist;
				IPHONEOS_DEPLOYMENT_TARGET = 13.0;
				LD_RUNPATH_SEARCH_PATHS = (
					"$(inherited)",
					"@executable_path/Frameworks",
				);
				PRODUCT_BUNDLE_IDENTIFIER = no.jahnsrud.Pop;
				PRODUCT_NAME = "$(TARGET_NAME)";
				SWIFT_VERSION = 5.0;
				TARGETED_DEVICE_FAMILY = "1,2";
			};
			name = Debug;
		};
		28AC33F923673433003F3D4D /* Release */ = {
			isa = XCBuildConfiguration;
			buildSettings = {
				ASSETCATALOG_COMPILER_APPICON_NAME = AppIcon;
				CODE_SIGN_STYLE = Automatic;
				DEVELOPMENT_TEAM = 2GZE7657Q4;
				INFOPLIST_FILE = Pop/Info.plist;
				IPHONEOS_DEPLOYMENT_TARGET = 13.0;
				LD_RUNPATH_SEARCH_PATHS = (
					"$(inherited)",
					"@executable_path/Frameworks",
				);
				PRODUCT_BUNDLE_IDENTIFIER = no.jahnsrud.Pop;
				PRODUCT_NAME = "$(TARGET_NAME)";
				SWIFT_VERSION = 5.0;
				TARGETED_DEVICE_FAMILY = "1,2";
			};
			name = Release;
		};
/* End XCBuildConfiguration section */

/* Begin XCConfigurationList section */
		28AC33DB2367342F003F3D4D /* Build configuration list for PBXProject "Pop" */ = {
			isa = XCConfigurationList;
			buildConfigurations = (
				28AC33F523673433003F3D4D /* Debug */,
				28AC33F623673433003F3D4D /* Release */,
			);
			defaultConfigurationIsVisible = 0;
			defaultConfigurationName = Release;
		};
		28AC33F723673433003F3D4D /* Build configuration list for PBXNativeTarget "Pop" */ = {
			isa = XCConfigurationList;
			buildConfigurations = (
				28AC33F823673433003F3D4D /* Debug */,
				28AC33F923673433003F3D4D /* Release */,
			);
			defaultConfigurationIsVisible = 0;
			defaultConfigurationName = Release;
		};
/* End XCConfigurationList section */

/* Begin XCVersionGroup section */
		28AC33EC2367342F003F3D4D /* Pop.xcdatamodeld */ = {
			isa = XCVersionGroup;
			children = (
				28AC33ED2367342F003F3D4D /* Pop.xcdatamodel */,
			);
			currentVersion = 28AC33ED2367342F003F3D4D /* Pop.xcdatamodel */;
			path = Pop.xcdatamodeld;
			sourceTree = "<group>";
			versionGroupType = wrapper.xcdatamodel;
		};
/* End XCVersionGroup section */
	};
	rootObject = 28AC33D82367342F003F3D4D /* Project object */;
}
